{
  "name": "client",
  "version": "1.0.0",
  "lockfileVersion": 1,
  "requires": true,
  "dependencies": {
    "@types/ragemp-c": {
      "version": "git+https://github.com/CocaColaBear/types-ragemp-c.git#40266dacf5996f922801ac8ead22525a776ccf38",
      "from": "git+https://github.com/CocaColaBear/types-ragemp-c.git"
    }
  }
}
